
Microsoft Visual Studio Solution File, Format Version 12.00
# Visual Studio Version 16
VisualStudioVersion = 16.0.29519.181
MinimumVisualStudioVersion = 10.0.40219.1
Project("{9A19103F-16F7-4668-BE54-9A1E7A4F7556}") = "GuJian3Tool", "GuJian3Tool\GuJian3Tool.csproj", "{10B2BCC9-C3C2-4597-B4F2-3F30BC1BE314}"
EndProject
Project("{9A19103F-16F7-4668-BE54-9A1E7A4F7556}") = "GuJian3Library", "GuJian3Library\GuJian3Library.csproj", "{BD59A738-B1D9-4403-9345-C79D492A3FEB}"
EndProject
Project("{9A19103F-16F7-4668-BE54-9A1E7A4F7556}") = "GuJian3Tests", "GuJian3Tests\GuJian3Tests.csproj", "{CDA27740-6DE7-4429-94AA-D3FDB10DE4F5}"
EndProject
Global
	GlobalSection(SolutionConfigurationPlatforms) = preSolution
		Debug|Any CPU = Debug|Any CPU
		Release|Any CPU = Release|Any CPU
	EndGlobalSection
	GlobalSection(ProjectConfigurationPlatforms) = postSolution
		{10B2BCC9-C3C2-4597-B4F2-3F30BC1BE314}.Debug|Any CPU.ActiveCfg = Debug|Any CPU
		{10B2BCC9-C3C2-4597-B4F2-3F30BC1BE314}.Debug|Any CPU.Build.0 = Debug|Any CPU
		{10B2BCC9-C3C2-4597-B4F2-3F30BC1BE314}.Release|Any CPU.ActiveCfg = Release|Any CPU
		{10B2BCC9-C3C2-4597-B4F2-3F30BC1BE314}.Release|Any CPU.Build.0 = Release|Any CPU
		{BD59A738-B1D9-4403-9345-C79D492A3FEB}.Debug|Any CPU.ActiveCfg = Debug|Any CPU
		{BD59A738-B1D9-4403-9345-C79D492A3FEB}.Debug|Any CPU.Build.0 = Debug|Any CPU
		{BD59A738-B1D9-4403-9345-C79D492A3FEB}.Release|Any CPU.ActiveCfg = Release|Any CPU
		{BD59A738-B1D9-4403-9345-C79D492A3FEB}.Release|Any CPU.Build.0 = Release|Any CPU
		{CDA27740-6DE7-4429-94AA-D3FDB10DE4F5}.Debug|Any CPU.ActiveCfg = Debug|Any CPU
		{CDA27740-6DE7-4429-94AA-D3FDB10DE4F5}.Debug|Any CPU.Build.0 = Debug|Any CPU
		{CDA27740-6DE7-4429-94AA-D3FDB10DE4F5}.Release|Any CPU.ActiveCfg = Release|Any CPU
		{CDA27740-6DE7-4429-94AA-D3FDB10DE4F5}.Release|Any CPU.Build.0 = Release|Any CPU
	EndGlobalSection
	GlobalSection(SolutionProperties) = preSolution
		HideSolutionNode = FALSE
	EndGlobalSection
	GlobalSection(ExtensibilityGlobals) = postSolution
		SolutionGuid = {8873FF2D-7611-4CD3-9297-71D201766AD3}
	EndGlobalSection
EndGlobal
